
Microsoft Visual Studio Solution File, Format Version 9.00
# Visual Studio 2005
Project("{FAE04EC0-301F-11D3-BF4B-00C04F79EFBC}") = "UserAddressLine", "UserAddressLine\UserAddressLine.csproj", "{B01E8091-8E27-44BE-A9E9-A35F7D4FC672}"
EndProject
Global
	GlobalSection(SolutionConfigurationPlatforms) = preSolution
		Debug|Any CPU = Debug|Any CPU
		Release|Any CPU = Release|Any CPU
	EndGlobalSection
	GlobalSection(ProjectConfigurationPlatforms) = postSolution
		{B01E8091-8E27-44BE-A9E9-A35F7D4FC672}.Debug|Any CPU.ActiveCfg = Debug|Any CPU
		{B01E8091-8E27-44BE-A9E9-A35F7D4FC672}.Debug|Any CPU.Build.0 = Debug|Any CPU
		{B01E8091-8E27-44BE-A9E9-A35F7D4FC672}.Release|Any CPU.ActiveCfg = Release|Any CPU
		{B01E8091-8E27-44BE-A9E9-A35F7D4FC672}.Release|Any CPU.Build.0 = Release|Any CPU
	EndGlobalSection
	GlobalSection(SolutionProperties) = preSolution
		HideSolutionNode = FALSE
	EndGlobalSection
EndGlobal
