
Microsoft Visual Studio Solution File, Format Version 10.00
# Visual Studio 2008
Project("{FAE04EC0-301F-11D3-BF4B-00C04F79EFBC}") = "MyThread", "MyThread\MyThread.csproj", "{8724498D-0E38-430D-8E2D-09E9DCB5A55A}"
EndProject
Global
	GlobalSection(SolutionConfigurationPlatforms) = preSolution
		Debug|Any CPU = Debug|Any CPU
		Release|Any CPU = Release|Any CPU
	EndGlobalSection
	GlobalSection(ProjectConfigurationPlatforms) = postSolution
		{8724498D-0E38-430D-8E2D-09E9DCB5A55A}.Debug|Any CPU.ActiveCfg = Debug|Any CPU
		{8724498D-0E38-430D-8E2D-09E9DCB5A55A}.Debug|Any CPU.Build.0 = Debug|Any CPU
		{8724498D-0E38-430D-8E2D-09E9DCB5A55A}.Release|Any CPU.ActiveCfg = Release|Any CPU
		{8724498D-0E38-430D-8E2D-09E9DCB5A55A}.Release|Any CPU.Build.0 = Release|Any CPU
	EndGlobalSection
	GlobalSection(SolutionProperties) = preSolution
		HideSolutionNode = FALSE
	EndGlobalSection
EndGlobal
