
Microsoft Visual Studio Solution File, Format Version 10.00
# Visual Studio 2008
Project("{FAE04EC0-301F-11D3-BF4B-00C04F79EFBC}") = "CustomComboBox", "CustomComboBox\CustomComboBox.csproj", "{FC8BAA3A-A776-478C-968F-919B3B7CFCB6}"
EndProject
Global
	GlobalSection(SolutionConfigurationPlatforms) = preSolution
		Debug|Any CPU = Debug|Any CPU
		Release|Any CPU = Release|Any CPU
	EndGlobalSection
	GlobalSection(ProjectConfigurationPlatforms) = postSolution
		{FC8BAA3A-A776-478C-968F-919B3B7CFCB6}.Debug|Any CPU.ActiveCfg = Debug|Any CPU
		{FC8BAA3A-A776-478C-968F-919B3B7CFCB6}.Debug|Any CPU.Build.0 = Debug|Any CPU
		{FC8BAA3A-A776-478C-968F-919B3B7CFCB6}.Release|Any CPU.ActiveCfg = Release|Any CPU
		{FC8BAA3A-A776-478C-968F-919B3B7CFCB6}.Release|Any CPU.Build.0 = Release|Any CPU
	EndGlobalSection
	GlobalSection(SolutionProperties) = preSolution
		HideSolutionNode = FALSE
	EndGlobalSection
EndGlobal
